// !$*UTF8*$!
{
	archiveVersion = 1;
	classes = {
	};
	objectVersion = 50;
	objects = {

/* Begin PBXBuildFile section */
		3E9D6029247196CF00CFD93F /* AppDelegate.swift in Sources */ = {isa = PBXBuildFile; fileRef = 3E9D6028247196CF00CFD93F /* AppDelegate.swift */; };
		3E9D602B247196CF00CFD93F /* SceneDelegate.swift in Sources */ = {isa = PBXBuildFile; fileRef = 3E9D602A247196CF00CFD93F /* SceneDelegate.swift */; };
		3E9D602D247196CF00CFD93F /* ViewController.swift in Sources */ = {isa = PBXBuildFile; fileRef = 3E9D602C247196CF00CFD93F /* ViewController.swift */; };
		3E9D6030247196CF00CFD93F /* Main.storyboard in Resources */ = {isa = PBXBuildFile; fileRef = 3E9D602E247196CF00CFD93F /* Main.storyboard */; };
		3E9D6032247196D000CFD93F /* Assets.xcassets in Resources */ = {isa = PBXBuildFile; fileRef = 3E9D6031247196D000CFD93F /* Assets.xcassets */; };
		3E9D6035247196D000CFD93F /* LaunchScreen.storyboard in Resources */ = {isa = PBXBuildFile; fileRef = 3E9D6033247196D000CFD93F /* LaunchScreen.storyboard */; };
		3E9D604024719A3F00CFD93F /* assets.swift in Sources */ = {isa = PBXBuildFile; fileRef = 3E9D603E24719A3F00CFD93F /* assets.swift */; };
		3E9D604124719A3F00CFD93F /* strings.swift in Sources */ = {isa = PBXBuildFile; fileRef = 3E9D603F24719A3F00CFD93F /* strings.swift */; };
		3E9D604424719ABB00CFD93F /* Localizable.strings in Resources */ = {isa = PBXBuildFile; fileRef = 3E9D604224719ABB00CFD93F /* Localizable.strings */; };
		9E7410149DFD0B9D662E6818 /* Pods_SwiftGenPOC.framework in Frameworks */ = {isa = PBXBuildFile; fileRef = 14D3583C6848E9B00CE09309 /* Pods_SwiftGenPOC.framework */; };
/* End PBXBuildFile section */

/* Begin PBXFileReference section */
		14D3583C6848E9B00CE09309 /* Pods_SwiftGenPOC.framework */ = {isa = PBXFileReference; explicitFileType = wrapper.framework; includeInIndex = 0; path = Pods_SwiftGenPOC.framework; sourceTree = BUILT_PRODUCTS_DIR; };
		3E9D6025247196CF00CFD93F /* SwiftGenPOC.app */ = {isa = PBXFileReference; explicitFileType = wrapper.application; includeInIndex = 0; path = SwiftGenPOC.app; sourceTree = BUILT_PRODUCTS_DIR; };
		3E9D6028247196CF00CFD93F /* AppDelegate.swift */ = {isa = PBXFileReference; lastKnownFileType = sourcecode.swift; path = AppDelegate.swift; sourceTree = "<group>"; };
		3E9D602A247196CF00CFD93F /* SceneDelegate.swift */ = {isa = PBXFileReference; lastKnownFileType = sourcecode.swift; path = SceneDelegate.swift; sourceTree = "<group>"; };
		3E9D602C247196CF00CFD93F /* ViewController.swift */ = {isa = PBXFileReference; lastKnownFileType = sourcecode.swift; path = ViewController.swift; sourceTree = "<group>"; };
		3E9D602F247196CF00CFD93F /* Base */ = {isa = PBXFileReference; lastKnownFileType = file.storyboard; name = Base; path = Base.lproj/Main.storyboard; sourceTree = "<group>"; };
		3E9D6031247196D000CFD93F /* Assets.xcassets */ = {isa = PBXFileReference; lastKnownFileType = folder.assetcatalog; path = Assets.xcassets; sourceTree = "<group>"; };
		3E9D6034247196D000CFD93F /* Base */ = {isa = PBXFileReference; lastKnownFileType = file.storyboard; name = Base; path = Base.lproj/LaunchScreen.storyboard; sourceTree = "<group>"; };
		3E9D6036247196D000CFD93F /* Info.plist */ = {isa = PBXFileReference; lastKnownFileType = text.plist.xml; path = Info.plist; sourceTree = "<group>"; };
		3E9D603C247197D600CFD93F /* swiftgen.yml */ = {isa = PBXFileReference; lastKnownFileType = text.yaml; path = swiftgen.yml; sourceTree = "<group>"; };
		3E9D603E24719A3F00CFD93F /* assets.swift */ = {isa = PBXFileReference; fileEncoding = 4; lastKnownFileType = sourcecode.swift; path = assets.swift; sourceTree = "<group>"; };
		3E9D603F24719A3F00CFD93F /* strings.swift */ = {isa = PBXFileReference; fileEncoding = 4; lastKnownFileType = sourcecode.swift; path = strings.swift; sourceTree = "<group>"; };
		3E9D604324719ABB00CFD93F /* Base */ = {isa = PBXFileReference; lastKnownFileType = text.plist.strings; name = Base; path = Base.lproj/Localizable.strings; sourceTree = "<group>"; };
		3E9D60452471A1D500CFD93F /* es */ = {isa = PBXFileReference; lastKnownFileType = text.plist.strings; name = es; path = es.lproj/Localizable.strings; sourceTree = "<group>"; };
		47746F9B07559B3AA8455480 /* Pods-SwiftGenPOC.debug.xcconfig */ = {isa = PBXFileReference; includeInIndex = 1; lastKnownFileType = text.xcconfig; name = "Pods-SwiftGenPOC.debug.xcconfig"; path = "Target Support Files/Pods-SwiftGenPOC/Pods-SwiftGenPOC.debug.xcconfig"; sourceTree = "<group>"; };
		7B4A3CC9BF7BB4241DF15872 /* Pods-SwiftGenPOC.release.xcconfig */ = {isa = PBXFileReference; includeInIndex = 1; lastKnownFileType = text.xcconfig; name = "Pods-SwiftGenPOC.release.xcconfig"; path = "Target Support Files/Pods-SwiftGenPOC/Pods-SwiftGenPOC.release.xcconfig"; sourceTree = "<group>"; };
/* End PBXFileReference section */

/* Begin PBXFrameworksBuildPhase section */
		3E9D6022247196CF00CFD93F /* Frameworks */ = {
			isa = PBXFrameworksBuildPhase;
			buildActionMask = 2147483647;
			files = (
				9E7410149DFD0B9D662E6818 /* Pods_SwiftGenPOC.framework in Frameworks */,
			);
			runOnlyForDeploymentPostprocessing = 0;
		};
/* End PBXFrameworksBuildPhase section */

/* Begin PBXGroup section */
		3E9D601C247196CF00CFD93F = {
			isa = PBXGroup;
			children = (
				3E9D603C247197D600CFD93F /* swiftgen.yml */,
				3E9D6027247196CF00CFD93F /* SwiftGenPOC */,
				3E9D6026247196CF00CFD93F /* Products */,
				4C83B76EF8B97C0ABEB1E2BA /* Pods */,
				791DE3CF04E4ECFAFFB13F2F /* Frameworks */,
			);
			sourceTree = "<group>";
		};
		3E9D6026247196CF00CFD93F /* Products */ = {
			isa = PBXGroup;
			children = (
				3E9D6025247196CF00CFD93F /* SwiftGenPOC.app */,
			);
			name = Products;
			sourceTree = "<group>";
		};
		3E9D6027247196CF00CFD93F /* SwiftGenPOC */ = {
			isa = PBXGroup;
			children = (
				3E9D603D2471986600CFD93F /* SwiftGen */,
				3E9D6028247196CF00CFD93F /* AppDelegate.swift */,
				3E9D602A247196CF00CFD93F /* SceneDelegate.swift */,
				3E9D602C247196CF00CFD93F /* ViewController.swift */,
				3E9D602E247196CF00CFD93F /* Main.storyboard */,
				3E9D6031247196D000CFD93F /* Assets.xcassets */,
				3E9D6033247196D000CFD93F /* LaunchScreen.storyboard */,
				3E9D6036247196D000CFD93F /* Info.plist */,
				3E9D604224719ABB00CFD93F /* Localizable.strings */,
			);
			path = SwiftGenPOC;
			sourceTree = "<group>";
		};
		3E9D603D2471986600CFD93F /* SwiftGen */ = {
			isa = PBXGroup;
			children = (
				3E9D603E24719A3F00CFD93F /* assets.swift */,
				3E9D603F24719A3F00CFD93F /* strings.swift */,
			);
			path = SwiftGen;
			sourceTree = "<group>";
		};
		4C83B76EF8B97C0ABEB1E2BA /* Pods */ = {
			isa = PBXGroup;
			children = (
				47746F9B07559B3AA8455480 /* Pods-SwiftGenPOC.debug.xcconfig */,
				7B4A3CC9BF7BB4241DF15872 /* Pods-SwiftGenPOC.release.xcconfig */,
			);
			path = Pods;
			sourceTree = "<group>";
		};
		791DE3CF04E4ECFAFFB13F2F /* Frameworks */ = {
			isa = PBXGroup;
			children = (
				14D3583C6848E9B00CE09309 /* Pods_SwiftGenPOC.framework */,
			);
			name = Frameworks;
			sourceTree = "<group>";
		};
/* End PBXGroup section */

/* Begin PBXNativeTarget section */
		3E9D6024247196CF00CFD93F /* SwiftGenPOC */ = {
			isa = PBXNativeTarget;
			buildConfigurationList = 3E9D6039247196D000CFD93F /* Build configuration list for PBXNativeTarget "SwiftGenPOC" */;
			buildPhases = (
				09645C16752A2F429291533E /* [CP] Check Pods Manifest.lock */,
				3E9D60462471ABB700CFD93F /* SwiftGen */,
				3E9D6021247196CF00CFD93F /* Sources */,
				3E9D6022247196CF00CFD93F /* Frameworks */,
				3E9D6023247196CF00CFD93F /* Resources */,
			);
			buildRules = (
			);
			dependencies = (
			);
			name = SwiftGenPOC;
			productName = SwiftGenPOC;
			productReference = 3E9D6025247196CF00CFD93F /* SwiftGenPOC.app */;
			productType = "com.apple.product-type.application";
		};
/* End PBXNativeTarget section */

/* Begin PBXProject section */
		3E9D601D247196CF00CFD93F /* Project object */ = {
			isa = PBXProject;
			attributes = {
				LastSwiftUpdateCheck = 1130;
				LastUpgradeCheck = 1130;
				ORGANIZATIONNAME = "Carolina Bonturi";
				TargetAttributes = {
					3E9D6024247196CF00CFD93F = {
						CreatedOnToolsVersion = 11.3.1;
					};
				};
			};
			buildConfigurationList = 3E9D6020247196CF00CFD93F /* Build configuration list for PBXProject "SwiftGenPOC" */;
			compatibilityVersion = "Xcode 9.3";
			developmentRegion = en;
			hasScannedForEncodings = 0;
			knownRegions = (
				en,
				Base,
				es,
			);
			mainGroup = 3E9D601C247196CF00CFD93F;
			productRefGroup = 3E9D6026247196CF00CFD93F /* Products */;
			projectDirPath = "";
			projectRoot = "";
			targets = (
				3E9D6024247196CF00CFD93F /* SwiftGenPOC */,
			);
		};
/* End PBXProject section */

/* Begin PBXResourcesBuildPhase section */
		3E9D6023247196CF00CFD93F /* Resources */ = {
			isa = PBXResourcesBuildPhase;
			buildActionMask = 2147483647;
			files = (
				3E9D6035247196D000CFD93F /* LaunchScreen.storyboard in Resources */,
				3E9D604424719ABB00CFD93F /* Localizable.strings in Resources */,
				3E9D6032247196D000CFD93F /* Assets.xcassets in Resources */,
				3E9D6030247196CF00CFD93F /* Main.storyboard in Resources */,
			);
			runOnlyForDeploymentPostprocessing = 0;
		};
/* End PBXResourcesBuildPhase section */

/* Begin PBXShellScriptBuildPhase section */
		09645C16752A2F429291533E /* [CP] Check Pods Manifest.lock */ = {
			isa = PBXShellScriptBuildPhase;
			buildActionMask = 2147483647;
			files = (
			);
			inputFileListPaths = (
			);
			inputPaths = (
				"${PODS_PODFILE_DIR_PATH}/Podfile.lock",
				"${PODS_ROOT}/Manifest.lock",
			);
			name = "[CP] Check Pods Manifest.lock";
			outputFileListPaths = (
			);
			outputPaths = (
				"$(DERIVED_FILE_DIR)/Pods-SwiftGenPOC-checkManifestLockResult.txt",
			);
			runOnlyForDeploymentPostprocessing = 0;
			shellPath = /bin/sh;
			shellScript = "diff \"${PODS_PODFILE_DIR_PATH}/Podfile.lock\" \"${PODS_ROOT}/Manifest.lock\" > /dev/null\nif [ $? != 0 ] ; then\n    # print error to STDERR\n    echo \"error: The sandbox is not in sync with the Podfile.lock. Run 'pod install' or update your CocoaPods installation.\" >&2\n    exit 1\nfi\n# This output is used by Xcode 'outputs' to avoid re-running this script phase.\necho \"SUCCESS\" > \"${SCRIPT_OUTPUT_FILE_0}\"\n";
			showEnvVarsInLog = 0;
		};
		3E9D60462471ABB700CFD93F /* SwiftGen */ = {
			isa = PBXShellScriptBuildPhase;
			buildActionMask = 2147483647;
			files = (
			);
			inputFileListPaths = (
			);
			inputPaths = (
			);
			name = SwiftGen;
			outputFileListPaths = (
			);
			outputPaths = (
			);
			runOnlyForDeploymentPostprocessing = 0;
			shellPath = /bin/sh;
			shellScript = "${PODS_ROOT}/SwiftGen/bin/swiftgen\n";
		};
/* End PBXShellScriptBuildPhase section */

/* Begin PBXSourcesBuildPhase section */
		3E9D6021247196CF00CFD93F /* Sources */ = {
			isa = PBXSourcesBuildPhase;
			buildActionMask = 2147483647;
			files = (
				3E9D602D247196CF00CFD93F /* ViewController.swift in Sources */,
				3E9D6029247196CF00CFD93F /* AppDelegate.swift in Sources */,
				3E9D604024719A3F00CFD93F /* assets.swift in Sources */,
				3E9D604124719A3F00CFD93F /* strings.swift in Sources */,
				3E9D602B247196CF00CFD93F /* SceneDelegate.swift in Sources */,
			);
			runOnlyForDeploymentPostprocessing = 0;
		};
/* End PBXSourcesBuildPhase section */

/* Begin PBXVariantGroup section */
		3E9D602E247196CF00CFD93F /* Main.storyboard */ = {
			isa = PBXVariantGroup;
			children = (
				3E9D602F247196CF00CFD93F /* Base */,
			);
			name = Main.storyboard;
			sourceTree = "<group>";
		};
		3E9D6033247196D000CFD93F /* LaunchScreen.storyboard */ = {
			isa = PBXVariantGroup;
			children = (
				3E9D6034247196D000CFD93F /* Base */,
			);
			name = LaunchScreen.storyboard;
			sourceTree = "<group>";
		};
		3E9D604224719ABB00CFD93F /* Localizable.strings */ = {
			isa = PBXVariantGroup;
			children = (
				3E9D604324719ABB00CFD93F /* Base */,
				3E9D60452471A1D500CFD93F /* es */,
			);
			name = Localizable.strings;
			sourceTree = "<group>";
		};
/* End PBXVariantGroup section */

/* Begin XCBuildConfiguration section */
		3E9D6037247196D000CFD93F /* Debug */ = {
			isa = XCBuildConfiguration;
			buildSettings = {
				ALWAYS_SEARCH_USER_PATHS = NO;
				CLANG_ANALYZER_LOCALIZABILITY_NONLOCALIZED = YES;
				CLANG_ANALYZER_NONNULL = YES;
				CLANG_ANALYZER_NUMBER_OBJECT_CONVERSION = YES_AGGRESSIVE;
				CLANG_CXX_LANGUAGE_STANDARD = "gnu++14";
				CLANG_CXX_LIBRARY = "libc++";
				CLANG_ENABLE_MODULES = YES;
				CLANG_ENABLE_OBJC_ARC = YES;
				CLANG_ENABLE_OBJC_WEAK = YES;
				CLANG_WARN_BLOCK_CAPTURE_AUTORELEASING = YES;
				CLANG_WARN_BOOL_CONVERSION = YES;
				CLANG_WARN_COMMA = YES;
				CLANG_WARN_CONSTANT_CONVERSION = YES;
				CLANG_WARN_DEPRECATED_OBJC_IMPLEMENTATIONS = YES;
				CLANG_WARN_DIRECT_OBJC_ISA_USAGE = YES_ERROR;
				CLANG_WARN_DOCUMENTATION_COMMENTS = YES;
				CLANG_WARN_EMPTY_BODY = YES;
				CLANG_WARN_ENUM_CONVERSION = YES;
				CLANG_WARN_INFINITE_RECURSION = YES;
				CLANG_WARN_INT_CONVERSION = YES;
				CLANG_WARN_NON_LITERAL_NULL_CONVERSION = YES;
				CLANG_WARN_OBJC_IMPLICIT_RETAIN_SELF = YES;
				CLANG_WARN_OBJC_LITERAL_CONVERSION = YES;
				CLANG_WARN_OBJC_ROOT_CLASS = YES_ERROR;
				CLANG_WARN_RANGE_LOOP_ANALYSIS = YES;
				CLANG_WARN_STRICT_PROTOTYPES = YES;
				CLANG_WARN_SUSPICIOUS_MOVE = YES;
				CLANG_WARN_UNGUARDED_AVAILABILITY = YES_AGGRESSIVE;
				CLANG_WARN_UNREACHABLE_CODE = YES;
				CLANG_WARN__DUPLICATE_METHOD_MATCH = YES;
				COPY_PHASE_STRIP = NO;
				DEBUG_INFORMATION_FORMAT = dwarf;
				ENABLE_STRICT_OBJC_MSGSEND = YES;
				ENABLE_TESTABILITY = YES;
				GCC_C_LANGUAGE_STANDARD = gnu11;
				GCC_DYNAMIC_NO_PIC = NO;
				GCC_NO_COMMON_BLOCKS = YES;
				GCC_OPTIMIZATION_LEVEL = 0;
				GCC_PREPROCESSOR_DEFINITIONS = (
					"DEBUG=1",
					"$(inherited)",
				);
				GCC_WARN_64_TO_32_BIT_CONVERSION = YES;
				GCC_WARN_ABOUT_RETURN_TYPE = YES_ERROR;
				GCC_WARN_UNDECLARED_SELECTOR = YES;
				GCC_WARN_UNINITIALIZED_AUTOS = YES_AGGRESSIVE;
				GCC_WARN_UNUSED_FUNCTION = YES;
				GCC_WARN_UNUSED_VARIABLE = YES;
				IPHONEOS_DEPLOYMENT_TARGET = 13.2;
				MTL_ENABLE_DEBUG_INFO = INCLUDE_SOURCE;
				MTL_FAST_MATH = YES;
				ONLY_ACTIVE_ARCH = YES;
				SDKROOT = iphoneos;
				SWIFT_ACTIVE_COMPILATION_CONDITIONS = DEBUG;
				SWIFT_OPTIMIZATION_LEVEL = "-Onone";
			};
			name = Debug;
		};
		3E9D6038247196D000CFD93F /* Release */ = {
			isa = XCBuildConfiguration;
			buildSettings = {
				ALWAYS_SEARCH_USER_PATHS = NO;
				CLANG_ANALYZER_LOCALIZABILITY_NONLOCALIZED = YES;
				CLANG_ANALYZER_NONNULL = YES;
				CLANG_ANALYZER_NUMBER_OBJECT_CONVERSION = YES_AGGRESSIVE;
				CLANG_CXX_LANGUAGE_STANDARD = "gnu++14";
				CLANG_CXX_LIBRARY = "libc++";
				CLANG_ENABLE_MODULES = YES;
				CLANG_ENABLE_OBJC_ARC = YES;
				CLANG_ENABLE_OBJC_WEAK = YES;
				CLANG_WARN_BLOCK_CAPTURE_AUTORELEASING = YES;
				CLANG_WARN_BOOL_CONVERSION = YES;
				CLANG_WARN_COMMA = YES;
				CLANG_WARN_CONSTANT_CONVERSION = YES;
				CLANG_WARN_DEPRECATED_OBJC_IMPLEMENTATIONS = YES;
				CLANG_WARN_DIRECT_OBJC_ISA_USAGE = YES_ERROR;
				CLANG_WARN_DOCUMENTATION_COMMENTS = YES;
				CLANG_WARN_EMPTY_BODY = YES;
				CLANG_WARN_ENUM_CONVERSION = YES;
				CLANG_WARN_INFINITE_RECURSION = YES;
				CLANG_WARN_INT_CONVERSION = YES;
				CLANG_WARN_NON_LITERAL_NULL_CONVERSION = YES;
				CLANG_WARN_OBJC_IMPLICIT_RETAIN_SELF = YES;
				CLANG_WARN_OBJC_LITERAL_CONVERSION = YES;
				CLANG_WARN_OBJC_ROOT_CLASS = YES_ERROR;
				CLANG_WARN_RANGE_LOOP_ANALYSIS = YES;
				CLANG_WARN_STRICT_PROTOTYPES = YES;
				CLANG_WARN_SUSPICIOUS_MOVE = YES;
				CLANG_WARN_UNGUARDED_AVAILABILITY = YES_AGGRESSIVE;
				CLANG_WARN_UNREACHABLE_CODE = YES;
				CLANG_WARN__DUPLICATE_METHOD_MATCH = YES;
				COPY_PHASE_STRIP = NO;
				DEBUG_INFORMATION_FORMAT = "dwarf-with-dsym";
				ENABLE_NS_ASSERTIONS = NO;
				ENABLE_STRICT_OBJC_MSGSEND = YES;
				GCC_C_LANGUAGE_STANDARD = gnu11;
				GCC_NO_COMMON_BLOCKS = YES;
				GCC_WARN_64_TO_32_BIT_CONVERSION = YES;
				GCC_WARN_ABOUT_RETURN_TYPE = YES_ERROR;
				GCC_WARN_UNDECLARED_SELECTOR = YES;
				GCC_WARN_UNINITIALIZED_AUTOS = YES_AGGRESSIVE;
				GCC_WARN_UNUSED_FUNCTION = YES;
				GCC_WARN_UNUSED_VARIABLE = YES;
				IPHONEOS_DEPLOYMENT_TARGET = 13.2;
				MTL_ENABLE_DEBUG_INFO = NO;
				MTL_FAST_MATH = YES;
				SDKROOT = iphoneos;
				SWIFT_COMPILATION_MODE = wholemodule;
				SWIFT_OPTIMIZATION_LEVEL = "-O";
				VALIDATE_PRODUCT = YES;
			};
			name = Release;
		};
		3E9D603A247196D000CFD93F /* Debug */ = {
			isa = XCBuildConfiguration;
			baseConfigurationReference = 47746F9B07559B3AA8455480 /* Pods-SwiftGenPOC.debug.xcconfig */;
			buildSettings = {
				ASSETCATALOG_COMPILER_APPICON_NAME = AppIcon;
				CODE_SIGN_STYLE = Automatic;
				DEVELOPMENT_TEAM = 6F7BZMYQ8J;
				INFOPLIST_FILE = SwiftGenPOC/Info.plist;
				LD_RUNPATH_SEARCH_PATHS = (
					"$(inherited)",
					"@executable_path/Frameworks",
				);
				PRODUCT_BUNDLE_IDENTIFIER = com.CarolinaBonturi.SwiftGenPOC.SwiftGenPOC;
				PRODUCT_NAME = "$(TARGET_NAME)";
				SWIFT_VERSION = 5.0;
				TARGETED_DEVICE_FAMILY = "1,2";
			};
			name = Debug;
		};
		3E9D603B247196D000CFD93F /* Release */ = {
			isa = XCBuildConfiguration;
			baseConfigurationReference = 7B4A3CC9BF7BB4241DF15872 /* Pods-SwiftGenPOC.release.xcconfig */;
			buildSettings = {
				ASSETCATALOG_COMPILER_APPICON_NAME = AppIcon;
				CODE_SIGN_STYLE = Automatic;
				DEVELOPMENT_TEAM = 6F7BZMYQ8J;
				INFOPLIST_FILE = SwiftGenPOC/Info.plist;
				LD_RUNPATH_SEARCH_PATHS = (
					"$(inherited)",
					"@executable_path/Frameworks",
				);
				PRODUCT_BUNDLE_IDENTIFIER = com.CarolinaBonturi.SwiftGenPOC.SwiftGenPOC;
				PRODUCT_NAME = "$(TARGET_NAME)";
				SWIFT_VERSION = 5.0;
				TARGETED_DEVICE_FAMILY = "1,2";
			};
			name = Release;
		};
/* End XCBuildConfiguration section */

/* Begin XCConfigurationList section */
		3E9D6020247196CF00CFD93F /* Build configuration list for PBXProject "SwiftGenPOC" */ = {
			isa = XCConfigurationList;
			buildConfigurations = (
				3E9D6037247196D000CFD93F /* Debug */,
				3E9D6038247196D000CFD93F /* Release */,
			);
			defaultConfigurationIsVisible = 0;
			defaultConfigurationName = Release;
		};
		3E9D6039247196D000CFD93F /* Build configuration list for PBXNativeTarget "SwiftGenPOC" */ = {
			isa = XCConfigurationList;
			buildConfigurations = (
				3E9D603A247196D000CFD93F /* Debug */,
				3E9D603B247196D000CFD93F /* Release */,
			);
			defaultConfigurationIsVisible = 0;
			defaultConfigurationName = Release;
		};
/* End XCConfigurationList section */
	};
	rootObject = 3E9D601D247196CF00CFD93F /* Project object */;
}
